{
    "_readme": [
        "This file locks the dependencies of your project to a known state",
        "Read more about it at http://getcomposer.org/doc/01-basic-usage.md#composer-lock-the-lock-file",
        "This file is @generated automatically"
    ],
    "hash": "c3284f21c1f4b05f64d5e697f2e02fb1",
    "packages": [
        {
            "name": "filp/whoops",
            "version": "1.1.2",
            "source": {
                "type": "git",
                "url": "https://github.com/filp/whoops.git",
                "reference": "9f451fbc7b8cad5e71300672c340c28c6bec09ff"
            },
            "dist": {
                "type": "zip",
                "url": "https://api.github.com/repos/filp/whoops/zipball/9f451fbc7b8cad5e71300672c340c28c6bec09ff",
                "reference": "9f451fbc7b8cad5e71300672c340c28c6bec09ff",
                "shasum": ""
            },
            "require": {
                "php": ">=5.3.0"
            },
            "require-dev": {
                "mockery/mockery": "0.9.*"
            },
            "type": "library",
            "extra": {
                "branch-alias": {
                    "dev-master": "1.2-dev"
                }
            },
            "autoload": {
                "psr-0": {
                    "Whoops": "src/"
                },
                "classmap": [
                    "src/deprecated"
                ]
            },
            "notification-url": "https://packagist.org/downloads/",
            "license": [
                "MIT"
            ],
            "authors": [
                {
                    "name": "Filipe Dobreira",
                    "homepage": "https://github.com/filp",
                    "role": "Developer"
                }
            ],
            "description": "php error handling for cool kids",
            "homepage": "https://github.com/filp/whoops",
            "keywords": [
                "error",
                "exception",
                "handling",
                "library",
                "silex-provider",
                "whoops",
                "zf2"
            ],
            "time": "2014-07-11 05:56:54"
        },
        {
            "name": "projectcleverweb/php-uri",
            "version": "1.0.0",
            "source": {
                "type": "git",
                "url": "https://github.com/ProjectCleverWeb/PHP-URI.git",
                "reference": "74988d9c7b6939c28706edea11da9e627e859d4f"
            },
            "dist": {
                "type": "zip",
                "url": "https://api.github.com/repos/ProjectCleverWeb/PHP-URI/zipball/74988d9c7b6939c28706edea11da9e627e859d4f",
                "reference": "74988d9c7b6939c28706edea11da9e627e859d4f",
                "shasum": ""
            },
            "require": {
                "php": ">=5.4"
            },
            "require-dev": {
                "phpunit/phpunit": "~4.0"
            },
            "type": "library",
            "autoload": {
                "files": [
                    "uri.lib.php"
                ]
            },
            "notification-url": "https://packagist.org/downloads/",
            "license": [
                "MIT"
            ],
            "authors": [
                {
                    "name": "Nicholas Jordon",
                    "email": "projectcleverweb@gmail.com",
                    "homepage": "https://github.com/ProjectCleverWeb"
                }
            ],
            "description": "A PHP library for working with URI's, that is designed around the URI standard. Requires PHP 5.4 or later. This library replaces and extends all of PHP's parse_url() features, and even has some handy aliases.",
            "homepage": "https://github.com/ProjectCleverWeb/PHP-URI",
            "keywords": [
                "address",
                "parse_url",
                "uri",
                "url",
                "web"
            ],
            "time": "2014-08-06 05:02:20"
        }
    ],
    "packages-dev": [

    ],
    "aliases": [

    ],
    "minimum-stability": "stable",
    "stability-flags": [

    ],
    "prefer-stable": false,
    "platform": {
        "php": ">=5.4"
    },
    "platform-dev": [

    ]
}
